
Microsoft Visual Studio Solution File, Format Version 12.00
# Visual Studio Version 17
VisualStudioVersion = 17.5.33530.505
MinimumVisualStudioVersion = 10.0.40219.1
Project("{9A19103F-16F7-4668-BE54-9A1E7A4F7556}") = "Stardew Nutrition", "Stardew Nutrition.csproj", "{5290294B-A796-4B6E-B6B0-12D871769CEB}"
EndProject
Global
	GlobalSection(SolutionConfigurationPlatforms) = preSolution
		Debug|Any CPU = Debug|Any CPU
		Release|Any CPU = Release|Any CPU
	EndGlobalSection
	GlobalSection(ProjectConfigurationPlatforms) = postSolution
		{5290294B-A796-4B6E-B6B0-12D871769CEB}.Debug|Any CPU.ActiveCfg = Debug|Any CPU
		{5290294B-A796-4B6E-B6B0-12D871769CEB}.Debug|Any CPU.Build.0 = Debug|Any CPU
		{5290294B-A796-4B6E-B6B0-12D871769CEB}.Release|Any CPU.ActiveCfg = Release|Any CPU
		{5290294B-A796-4B6E-B6B0-12D871769CEB}.Release|Any CPU.Build.0 = Release|Any CPU
	EndGlobalSection
	GlobalSection(SolutionProperties) = preSolution
		HideSolutionNode = FALSE
	EndGlobalSection
	GlobalSection(ExtensibilityGlobals) = postSolution
		SolutionGuid = {7BFC5B17-6C65-4CAC-A9AB-6E58D33A13AF}
	EndGlobalSection
EndGlobal
